
Microsoft Visual Studio Solution File, Format Version 12.00
# Visual Studio Version 17
VisualStudioVersion = 17.9.34714.143
MinimumVisualStudioVersion = 10.0.40219.1
Project("{9A19103F-16F7-4668-BE54-9A1E7A4F7556}") = "Clase20240429", "Clase20240429\Clase20240429.csproj", "{8957A727-25FF-4C67-A346-409387F3740B}"
EndProject
Project("{9A19103F-16F7-4668-BE54-9A1E7A4F7556}") = "Clase20240506", "Clase20240506\Clase20240506.csproj", "{93EEA59A-964A-447E-A807-02341ECCE050}"
EndProject
Project("{9A19103F-16F7-4668-BE54-9A1E7A4F7556}") = "Clase20240508", "Clase20240508\Clase20240508.csproj", "{C8730080-2651-4537-9531-C749D7A7F85B}"
EndProject
Project("{9A19103F-16F7-4668-BE54-9A1E7A4F7556}") = "Clase20240510", "Clase20240510\Clase20240510.csproj", "{2DC54B1A-2D0A-4D8F-8507-42C35DF219FA}"
EndProject
Project("{9A19103F-16F7-4668-BE54-9A1E7A4F7556}") = "Clase20240513", "Clase20240513\Clase20240513.csproj", "{051EB85C-4C4D-42E0-B282-9FFFDFCD91C9}"
EndProject
Project("{FAE04EC0-301F-11D3-BF4B-00C04F79EFBC}") = "Clase20240515", "Clase20240515\Clase20240515.csproj", "{94214EAD-E865-40D1-BE5F-89297CED4663}"
EndProject
Global
	GlobalSection(SolutionConfigurationPlatforms) = preSolution
		Debug|Any CPU = Debug|Any CPU
		Release|Any CPU = Release|Any CPU
	EndGlobalSection
	GlobalSection(ProjectConfigurationPlatforms) = postSolution
		{8957A727-25FF-4C67-A346-409387F3740B}.Debug|Any CPU.ActiveCfg = Debug|Any CPU
		{8957A727-25FF-4C67-A346-409387F3740B}.Debug|Any CPU.Build.0 = Debug|Any CPU
		{8957A727-25FF-4C67-A346-409387F3740B}.Release|Any CPU.ActiveCfg = Release|Any CPU
		{8957A727-25FF-4C67-A346-409387F3740B}.Release|Any CPU.Build.0 = Release|Any CPU
		{93EEA59A-964A-447E-A807-02341ECCE050}.Debug|Any CPU.ActiveCfg = Debug|Any CPU
		{93EEA59A-964A-447E-A807-02341ECCE050}.Debug|Any CPU.Build.0 = Debug|Any CPU
		{93EEA59A-964A-447E-A807-02341ECCE050}.Release|Any CPU.ActiveCfg = Release|Any CPU
		{93EEA59A-964A-447E-A807-02341ECCE050}.Release|Any CPU.Build.0 = Release|Any CPU
		{C8730080-2651-4537-9531-C749D7A7F85B}.Debug|Any CPU.ActiveCfg = Debug|Any CPU
		{C8730080-2651-4537-9531-C749D7A7F85B}.Debug|Any CPU.Build.0 = Debug|Any CPU
		{C8730080-2651-4537-9531-C749D7A7F85B}.Release|Any CPU.ActiveCfg = Release|Any CPU
		{C8730080-2651-4537-9531-C749D7A7F85B}.Release|Any CPU.Build.0 = Release|Any CPU
		{2DC54B1A-2D0A-4D8F-8507-42C35DF219FA}.Debug|Any CPU.ActiveCfg = Debug|Any CPU
		{2DC54B1A-2D0A-4D8F-8507-42C35DF219FA}.Debug|Any CPU.Build.0 = Debug|Any CPU
		{2DC54B1A-2D0A-4D8F-8507-42C35DF219FA}.Release|Any CPU.ActiveCfg = Release|Any CPU
		{2DC54B1A-2D0A-4D8F-8507-42C35DF219FA}.Release|Any CPU.Build.0 = Release|Any CPU
		{051EB85C-4C4D-42E0-B282-9FFFDFCD91C9}.Debug|Any CPU.ActiveCfg = Debug|Any CPU
		{051EB85C-4C4D-42E0-B282-9FFFDFCD91C9}.Debug|Any CPU.Build.0 = Debug|Any CPU
		{051EB85C-4C4D-42E0-B282-9FFFDFCD91C9}.Release|Any CPU.ActiveCfg = Release|Any CPU
		{051EB85C-4C4D-42E0-B282-9FFFDFCD91C9}.Release|Any CPU.Build.0 = Release|Any CPU
		{94214EAD-E865-40D1-BE5F-89297CED4663}.Debug|Any CPU.ActiveCfg = Debug|Any CPU
		{94214EAD-E865-40D1-BE5F-89297CED4663}.Debug|Any CPU.Build.0 = Debug|Any CPU
		{94214EAD-E865-40D1-BE5F-89297CED4663}.Release|Any CPU.ActiveCfg = Release|Any CPU
		{94214EAD-E865-40D1-BE5F-89297CED4663}.Release|Any CPU.Build.0 = Release|Any CPU
	EndGlobalSection
	GlobalSection(SolutionProperties) = preSolution
		HideSolutionNode = FALSE
	EndGlobalSection
	GlobalSection(ExtensibilityGlobals) = postSolution
		SolutionGuid = {23CD4D55-AF07-460A-BC90-E0A00CC40904}
	EndGlobalSection
EndGlobal
